
Microsoft Visual Studio Solution File, Format Version 12.00
Project("{FAE04EC0-301F-11D3-BF4B-00C04F79EFBC}") = "Tests", "Tests\Tests.csproj", "{FBB2DA5B-9C6C-4D9C-B91A-A90BF2DF764F}"
EndProject
Project("{FAE04EC0-301F-11D3-BF4B-00C04F79EFBC}") = "Geometry", "..\Geometry\Geometry\Geometry.csproj", "{5CEDA3EA-1F0A-4418-813E-D272B6292D19}"
EndProject
Global
	GlobalSection(SolutionConfigurationPlatforms) = preSolution
		Debug|Any CPU = Debug|Any CPU
		Release|Any CPU = Release|Any CPU
	EndGlobalSection
	GlobalSection(ProjectConfigurationPlatforms) = postSolution
		{FBB2DA5B-9C6C-4D9C-B91A-A90BF2DF764F}.Debug|Any CPU.ActiveCfg = Debug|Any CPU
		{FBB2DA5B-9C6C-4D9C-B91A-A90BF2DF764F}.Debug|Any CPU.Build.0 = Debug|Any CPU
		{FBB2DA5B-9C6C-4D9C-B91A-A90BF2DF764F}.Release|Any CPU.ActiveCfg = Release|Any CPU
		{FBB2DA5B-9C6C-4D9C-B91A-A90BF2DF764F}.Release|Any CPU.Build.0 = Release|Any CPU
		{5CEDA3EA-1F0A-4418-813E-D272B6292D19}.Debug|Any CPU.ActiveCfg = Debug|Any CPU
		{5CEDA3EA-1F0A-4418-813E-D272B6292D19}.Debug|Any CPU.Build.0 = Debug|Any CPU
		{5CEDA3EA-1F0A-4418-813E-D272B6292D19}.Release|Any CPU.ActiveCfg = Release|Any CPU
		{5CEDA3EA-1F0A-4418-813E-D272B6292D19}.Release|Any CPU.Build.0 = Release|Any CPU
	EndGlobalSection
EndGlobal
